
Microsoft Visual Studio Solution File, Format Version 12.00
# Visual Studio Version 17
VisualStudioVersion = 17.5.33516.290
MinimumVisualStudioVersion = 10.0.40219.1
Project("{FAE04EC0-301F-11D3-BF4B-00C04F79EFBC}") = "Project4", "Project4\Project4.csproj", "{ABDDDC5E-B038-4F44-B902-2E61AF1B6E28}"
EndProject
Global
	GlobalSection(SolutionConfigurationPlatforms) = preSolution
		Debug|Any CPU = Debug|Any CPU
		Release|Any CPU = Release|Any CPU
	EndGlobalSection
	GlobalSection(ProjectConfigurationPlatforms) = postSolution
		{ABDDDC5E-B038-4F44-B902-2E61AF1B6E28}.Debug|Any CPU.ActiveCfg = Debug|Any CPU
		{ABDDDC5E-B038-4F44-B902-2E61AF1B6E28}.Debug|Any CPU.Build.0 = Debug|Any CPU
		{ABDDDC5E-B038-4F44-B902-2E61AF1B6E28}.Release|Any CPU.ActiveCfg = Release|Any CPU
		{ABDDDC5E-B038-4F44-B902-2E61AF1B6E28}.Release|Any CPU.Build.0 = Release|Any CPU
	EndGlobalSection
	GlobalSection(SolutionProperties) = preSolution
		HideSolutionNode = FALSE
	EndGlobalSection
	GlobalSection(ExtensibilityGlobals) = postSolution
		SolutionGuid = {4ABD4326-4C96-4186-9D8C-14466B5E91D8}
	EndGlobalSection
EndGlobal
